<?xml version="1.0" encoding="utf-8"?>
<Project ToolsVersion="4.0" xmlns="http://schemas.microsoft.com/developer/msbuild/2003">
  <ItemGroup>
    <Filter Include="Source Files">
      <UniqueIdentifier>{4FC737F1-C7A5-4376-A066-2A32D752A2FF}</UniqueIdentifier>
      <Extensions>cpp;c;cc;cxx;def;odl;idl;hpj;bat;asm;asmx</Extensions>
    </Filter>
    <Filter Include="Header Files">
      <UniqueIdentifier>{93995380-89BD-4b04-88EB-625FBE52EBFB}</UniqueIdentifier>
      <Extensions>h;hpp;hxx;hm;inl;inc;xsd</Extensions>
    </Filter>
    <Filter Include="Resource Files">
      <UniqueIdentifier>{67DA6AB6-F800-4c08-8B7A-83BB121AAD01}</UniqueIdentifier>
      <Extensions>rc;ico;cur;bmp;dlg;rc2;rct;bin;rgs;gif;jpg;jpeg;jpe;resx;tiff;tif;png;wav;mfcribbon-ms</Extensions>
    </Filter>
  </ItemGroup>
  <ItemGroup>
    <ClCompile Include="Code\display_window.cpp">
      <Filter>Source Files</Filter>
    </ClCompile>
    <ClCompile Include="Code\winmain.cpp">
      <Filter>Source Files</Filter>
    </ClCompile>
    <ClCompile Include="Code\Game\Pong\paddle.cpp">
      <Filter>Source Files</Filter>
    </ClCompile>
    <ClCompile Include="Code\Game\game.cpp">
      <Filter>Source Files</Filter>
    </ClCompile>
    <ClCompile Include="Code\Game\Pong\system.cpp">
      <Filter>Source Files</Filter>
    </ClCompile>
    <ClCompile Include="Code\Game\Pong\ball.cpp">
      <Filter>Source Files</Filter>
    </ClCompile>
    <ClCompile Include="Code\Game\States\main_menu.cpp">
      <Filter>Source Files</Filter>
    </ClCompile>
    <ClCompile Include="Code\Game\States\level.cpp">
      <Filter>Source Files</Filter>
    </ClCompile>
  </ItemGroup>
  <ItemGroup>
    <ClInclude Include="Code\display_window.h">
      <Filter>Header Files</Filter>
    </ClInclude>
    <ClInclude Include="Code\Game\Pong\pong.h">
      <Filter>Header Files</Filter>
    </ClInclude>
    <ClInclude Include="Code\Game\Pong\paddle.h">
      <Filter>Header Files</Filter>
    </ClInclude>
    <ClInclude Include="Code\Game\Pong\physical_object.h">
      <Filter>Header Files</Filter>
    </ClInclude>
    <ClInclude Include="Code\Game\game.h">
      <Filter>Header Files</Filter>
    </ClInclude>
    <ClInclude Include="Code\Game\Pong\system.h">
      <Filter>Header Files</Filter>
    </ClInclude>
    <ClInclude Include="Code\Game\Pong\ball.h">
      <Filter>Header Files</Filter>
    </ClInclude>
    <ClInclude Include="Code\Game\States\level.h">
      <Filter>Header Files</Filter>
    </ClInclude>
    <ClInclude Include="Code\Game\States\main_menu.h">
      <Filter>Header Files</Filter>
    </ClInclude>
  </ItemGroup>
  <ItemGroup>
    <None Include="Content\test.xml" />
    <None Include="Content\Fonts\arial24.fnt" />
    <None Include="Content\Fonts\arial24_00.png">
      <Filter>Resource Files</Filter>
    </None>
    <None Include="Content\Shaders\font.fx" />
    <None Include="Content\Shaders\main2d.fx" />
    <None Include="Content\Shaders\main.fx" />
    <None Include="Content\Fonts\v1.fnt" />
    <None Include="Content\Fonts\v1_0.png">
      <Filter>Resource Files</Filter>
    </None>
    <None Include="Content\Fonts\v1_1.png">
      <Filter>Resource Files</Filter>
    </None>
    <None Include="Content\Graphics\tyrian.shp.007D3C.png">
      <Filter>Resource Files</Filter>
    </None>
    <None Include="todo.txt" />
    <None Include="Content\Graphics\ball.png">
      <Filter>Resource Files</Filter>
    </None>
    <None Include="Content\Graphics\ff_pointer.png">
      <Filter>Resource Files</Filter>
    </None>
  </ItemGroup>
</Project>