
Microsoft Visual Studio Solution File, Format Version 11.00
# Visual Studio 2010
Project("{8BC9CEB8-8B4A-11D0-8D11-00A0C91BC942}") = "GameDemo", "GameDemo.vcxproj", "{E3FF528A-E8C4-424B-91D2-1CBD04402205}"
EndProject
Global
	GlobalSection(SolutionConfigurationPlatforms) = preSolution
		Debug|Win32 = Debug|Win32
		Release|Win32 = Release|Win32
	EndGlobalSection
	GlobalSection(ProjectConfigurationPlatforms) = postSolution
		{E3FF528A-E8C4-424B-91D2-1CBD04402205}.Debug|Win32.ActiveCfg = Debug|Win32
		{E3FF528A-E8C4-424B-91D2-1CBD04402205}.Debug|Win32.Build.0 = Debug|Win32
		{E3FF528A-E8C4-424B-91D2-1CBD04402205}.Release|Win32.ActiveCfg = Release|Win32
		{E3FF528A-E8C4-424B-91D2-1CBD04402205}.Release|Win32.Build.0 = Release|Win32
	EndGlobalSection
	GlobalSection(SolutionProperties) = preSolution
		HideSolutionNode = FALSE
	EndGlobalSection
EndGlobal
